{
  "name": "parallels",
  "version": "1.0.0",
  "lockfileVersion": 1,
  "requires": true,
  "dependencies": {
    "@babel/runtime": {
      "version": "7.25.6",
      "resolved": "https://registry.npmjs.org/@babel/runtime/-/runtime-7.25.6.tgz",
      "integrity": "sha512-VBj9MYyDb9tuLq7yzqjgzt6Q+IBQLrGZfdjOekyEirZPHxXWoTSGUTMrpsfi58Up73d13NfYLv8HT9vmznjzhQ==",
      "requires": {
        "regenerator-runtime": "^0.14.0"
      }
    },
    "@tonaljs/abc-notation": {
      "version": "4.9.0",
      "resolved": "https://registry.npmjs.org/@tonaljs/abc-notation/-/abc-notation-4.9.0.tgz",
      "integrity": "sha512-G52FHXNcIbZldoY1LlkXshD5nZqh/VylLCxPlXkx3Fikbn2UZqQ1uK+me8PjJltCCKmNI7M+DkHdh5oBK5CzVw==",
      "requires": {
        "@tonaljs/pitch-distance": "5.0.4",
        "@tonaljs/pitch-note": "6.0.0"
      }
    },
    "@tonaljs/array": {
      "version": "4.8.3",
      "resolved": "https://registry.npmjs.org/@tonaljs/array/-/array-4.8.3.tgz",
      "integrity": "sha512-TeX5vqk61EhlRAIo70d0hKt3a0FEcROsu9ETtTclXl+qaQ1QtEEs0M+B46IZ+sQo5T3s8vtz5z1yCiK26HPr5A==",
      "requires": {
        "@tonaljs/pitch-note": "6.0.0"
      }
    },
    "@tonaljs/chord": {
      "version": "6.1.0",
      "resolved": "https://registry.npmjs.org/@tonaljs/chord/-/chord-6.1.0.tgz",
      "integrity": "sha512-Eybaqaox4ukBO3FDQ7x3FLCdq3Gco0YIAFlxtL1fjdlULa1kJL7IVvZND5oVGIBIExI2JLODExyxy054rfZGvw==",
      "requires": {
        "@tonaljs/chord-detect": "4.9.0",
        "@tonaljs/chord-type": "5.1.0",
        "@tonaljs/collection": "4.9.0",
        "@tonaljs/interval": "^5.1.0",
        "@tonaljs/pcset": "4.10.0",
        "@tonaljs/pitch-distance": "5.0.4",
        "@tonaljs/pitch-note": "6.0.0",
        "@tonaljs/scale-type": "4.9.0"
      }
    },
    "@tonaljs/chord-detect": {
      "version": "4.9.0",
      "resolved": "https://registry.npmjs.org/@tonaljs/chord-detect/-/chord-detect-4.9.0.tgz",
      "integrity": "sha512-ixlPHjntvcGbcHbIsTNEO8KKSDd2vM8IXVvVAbM8ZXldFHCjejCBQ0nyMPDxY3uzepLALFqBwXfkxF/injsTRw==",
      "requires": {
        "@tonaljs/chord-type": "5.1.0",
        "@tonaljs/pcset": "4.10.0",
        "@tonaljs/pitch-note": "6.0.0"
      }
    },
    "@tonaljs/chord-type": {
      "version": "5.1.0",
      "resolved": "https://registry.npmjs.org/@tonaljs/chord-type/-/chord-type-5.1.0.tgz",
      "integrity": "sha512-39/SRnhgvElvWHQH1mkOxkQvDodz7HRkPeIL2rjFV3JL57ve38Ws+y9bjbkKCbD474jF0SQ9V+Xga3d/Mccz5g==",
      "requires": {
        "@tonaljs/pcset": "4.10.0"
      }
    },
    "@tonaljs/collection": {
      "version": "4.9.0",
      "resolved": "https://registry.npmjs.org/@tonaljs/collection/-/collection-4.9.0.tgz",
      "integrity": "sha512-Mk0h7O54nT6PgNVcUYauzxa5KOB23+0AOKudWzRH7JhJIN9vhVIC7PtwZXE+/G051UTbHSFIcN/afkgF4nB/8A=="
    },
    "@tonaljs/core": {
      "version": "5.0.1",
      "resolved": "https://registry.npmjs.org/@tonaljs/core/-/core-5.0.1.tgz",
      "integrity": "sha512-usFeVQhAl2WvXt2AyjAAs6CRicGgr1PIw94sEGaUIIrp1o1h6tU5329nRjrruEFEVmgv5ztL6vsk/rYJt+vOGA==",
      "requires": {
        "@tonaljs/pitch": "5.0.2",
        "@tonaljs/pitch-distance": "5.0.4",
        "@tonaljs/pitch-interval": "6.0.0",
        "@tonaljs/pitch-note": "6.0.0"
      }
    },
    "@tonaljs/duration-value": {
      "version": "4.9.0",
      "resolved": "https://registry.npmjs.org/@tonaljs/duration-value/-/duration-value-4.9.0.tgz",
      "integrity": "sha512-Muz54HyIe0nMYKWx6wyTa4y17ma29DtpJF4/oqJphy6A124rAVDe/SKit8JGOvDYAQj71FUXqs17sXBxO/ExVw=="
    },
    "@tonaljs/interval": {
      "version": "5.1.0",
      "resolved": "https://registry.npmjs.org/@tonaljs/interval/-/interval-5.1.0.tgz",
      "integrity": "sha512-GR9dUjn0j7yhjwjRh8HQxZYXOiVl05WfY3AFyMB9rfg807K4dSJmWfPTULPQXyHJ6NiZOPXcwRs8MxMLDxgdbg==",
      "requires": {
        "@tonaljs/pitch": "^5.0.2",
        "@tonaljs/pitch-distance": "^5.0.4",
        "@tonaljs/pitch-interval": "^6.0.0"
      }
    },
    "@tonaljs/key": {
      "version": "4.10.0",
      "resolved": "https://registry.npmjs.org/@tonaljs/key/-/key-4.10.0.tgz",
      "integrity": "sha512-R+rD6JdeYjnNCRzXbERA5quIx1UrZhlHmA519UeSKzOB7Ia+3c/dQL7Um+zQ/TaWgBkM0/mYpHdlJfLpHixW/w==",
      "requires": {
        "@tonaljs/note": "4.11.0",
        "@tonaljs/pitch-note": "6.0.0",
        "@tonaljs/roman-numeral": "4.9.0"
      }
    },
    "@tonaljs/midi": {
      "version": "4.10.0",
      "resolved": "https://registry.npmjs.org/@tonaljs/midi/-/midi-4.10.0.tgz",
      "integrity": "sha512-LjwEzcBwJSNMLD+qDwVBWvkmIOAs59TPdlTQlooP3S1Au0jy7T+bZeIbBKtLEcDG14S2zyYZEZ1Mo+cxcumMmg==",
      "requires": {
        "@tonaljs/pitch-note": "6.0.0"
      }
    },
    "@tonaljs/mode": {
      "version": "4.9.0",
      "resolved": "https://registry.npmjs.org/@tonaljs/mode/-/mode-4.9.0.tgz",
      "integrity": "sha512-e1MtDfEMZPcWOuaKW2wbgisAmeptTZq1UDm4RU03inqgggnpsiaJC/NI9sbmTdO4XtAL/JGPgSxm4uB5KWxx8w==",
      "requires": {
        "@tonaljs/collection": "4.9.0",
        "@tonaljs/interval": "5.1.0",
        "@tonaljs/pcset": "4.10.0",
        "@tonaljs/pitch-distance": "5.0.4",
        "@tonaljs/pitch-note": "6.0.0",
        "@tonaljs/scale-type": "4.9.0"
      }
    },
    "@tonaljs/note": {
      "version": "4.11.0",
      "resolved": "https://registry.npmjs.org/@tonaljs/note/-/note-4.11.0.tgz",
      "integrity": "sha512-KJjtMaJ4Bc0wquFlKFDHk6RBrzHwHPgSvklqWSmhgxbklqQt+70wPn5RVwcJqNc5qnmZce+uvATwl+QVBXMCLQ==",
      "requires": {
        "@tonaljs/midi": "4.10.0",
        "@tonaljs/pitch": "5.0.2",
        "@tonaljs/pitch-distance": "5.0.4",
        "@tonaljs/pitch-interval": "6.0.0",
        "@tonaljs/pitch-note": "6.0.0"
      }
    },
    "@tonaljs/pcset": {
      "version": "4.10.0",
      "resolved": "https://registry.npmjs.org/@tonaljs/pcset/-/pcset-4.10.0.tgz",
      "integrity": "sha512-kGiGDpN/fhJGJoILnNJIQqt2vpk8EkcXFtRvs3PaDfaMphtQ7Hd03d2zIhcEEShbCtaXUSeSwbCepwoGqt4WRw==",
      "requires": {
        "@tonaljs/collection": "4.9.0",
        "@tonaljs/pitch": "5.0.2",
        "@tonaljs/pitch-distance": "5.0.4",
        "@tonaljs/pitch-interval": "6.0.0",
        "@tonaljs/pitch-note": "6.0.0"
      }
    },
    "@tonaljs/pitch": {
      "version": "5.0.2",
      "resolved": "https://registry.npmjs.org/@tonaljs/pitch/-/pitch-5.0.2.tgz",
      "integrity": "sha512-mxaXJPPe+LIJdjzpZEl8I8Wx3dEvlzkBbsr2Ltwc2dTAdnErAZ5R0TxVq2egF27lMvQN2QPQPWI9iDPPdVUmrg=="
    },
    "@tonaljs/pitch-distance": {
      "version": "5.0.4",
      "resolved": "https://registry.npmjs.org/@tonaljs/pitch-distance/-/pitch-distance-5.0.4.tgz",
      "integrity": "sha512-c/Q/QpU0pE5QMxhf7VfP4p7C+gf5YfGt5mkwgMyQgpGNFSwQrKPPWSrWzArrFjJzejabUlDMREQyRU+Wj50iOQ==",
      "requires": {
        "@tonaljs/pitch": "5.0.2",
        "@tonaljs/pitch-interval": "6.0.0",
        "@tonaljs/pitch-note": "6.0.0"
      }
    },
    "@tonaljs/pitch-interval": {
      "version": "6.0.0",
      "resolved": "https://registry.npmjs.org/@tonaljs/pitch-interval/-/pitch-interval-6.0.0.tgz",
      "integrity": "sha512-0iaFWbgshYWjfmdxzF8jNmTqsNK2krwn+FqDRZb8vEsfaSNC8Jek0f5wYcE2to+7f0P5jJlJnj8CUGvlfKIT5A==",
      "requires": {
        "@tonaljs/pitch": "5.0.2"
      }
    },
    "@tonaljs/pitch-note": {
      "version": "6.0.0",
      "resolved": "https://registry.npmjs.org/@tonaljs/pitch-note/-/pitch-note-6.0.0.tgz",
      "integrity": "sha512-m4Ei7zwSsKwotVfnodA7m1SR7zD5NNIea+V7Mo35EcK32ZJBg+SvxdwgfNNdLO8bkDbVrZIgVYqeP3R3Jq7VFQ==",
      "requires": {
        "@tonaljs/pitch": "5.0.2"
      }
    },
    "@tonaljs/progression": {
      "version": "4.9.0",
      "resolved": "https://registry.npmjs.org/@tonaljs/progression/-/progression-4.9.0.tgz",
      "integrity": "sha512-Pe9gp9o4af7uN7sSbA588ImVn9A31mjCD1t2gjHYEDve+q+S33juBurUkdwiJBI3mPWMPPCtSxucZI/nrAiYDA==",
      "requires": {
        "@tonaljs/chord": "6.1.0",
        "@tonaljs/pitch-distance": "5.0.4",
        "@tonaljs/pitch-interval": "6.0.0",
        "@tonaljs/pitch-note": "6.0.0",
        "@tonaljs/roman-numeral": "4.9.0"
      }
    },
    "@tonaljs/range": {
      "version": "4.9.0",
      "resolved": "https://registry.npmjs.org/@tonaljs/range/-/range-4.9.0.tgz",
      "integrity": "sha512-ir8MN6F89lmoNjfdTbr0evZUjFQp6cAxMzFckf1KBKnjvVulinRWAW//VHgZ7EdNGkLKDCfdT/F5GKEGlj6KnQ==",
      "requires": {
        "@tonaljs/collection": "4.9.0",
        "@tonaljs/midi": "4.10.0"
      }
    },
    "@tonaljs/rhythm-pattern": {
      "version": "1.0.0",
      "resolved": "https://registry.npmjs.org/@tonaljs/rhythm-pattern/-/rhythm-pattern-1.0.0.tgz",
      "integrity": "sha512-3hp4Yw49e6BTWApRNb7arJ6HiICsHRFZYijuPE+vR93lIo9+lxcOMh0OPc4DyupTN7cvFTSB70Z7B/IeEJxhCQ=="
    },
    "@tonaljs/roman-numeral": {
      "version": "4.9.0",
      "resolved": "https://registry.npmjs.org/@tonaljs/roman-numeral/-/roman-numeral-4.9.0.tgz",
      "integrity": "sha512-kegMCXUcLpdSSTI7YoU49kWv5DwVAkpyZAz6svYKtP1Vdjt4+q8c5hjSupM8QH4chQBNElRzqhZRgx90sMc/fw==",
      "requires": {
        "@tonaljs/pitch": "5.0.2",
        "@tonaljs/pitch-interval": "6.0.0",
        "@tonaljs/pitch-note": "6.0.0"
      }
    },
    "@tonaljs/scale": {
      "version": "4.13.0",
      "resolved": "https://registry.npmjs.org/@tonaljs/scale/-/scale-4.13.0.tgz",
      "integrity": "sha512-eCOoJlnjW542hCeW7yN61TEZkm7HTbBqdrug3Qx61o62tlwSwJF/nY00XgaTxWFpJFb9HEqAKuD7EUleqBnTYw==",
      "requires": {
        "@tonaljs/chord-type": "5.1.0",
        "@tonaljs/collection": "4.9.0",
        "@tonaljs/note": "4.11.0",
        "@tonaljs/pcset": "4.10.0",
        "@tonaljs/pitch-distance": "5.0.4",
        "@tonaljs/pitch-note": "6.0.0",
        "@tonaljs/scale-type": "4.9.0"
      }
    },
    "@tonaljs/scale-type": {
      "version": "4.9.0",
      "resolved": "https://registry.npmjs.org/@tonaljs/scale-type/-/scale-type-4.9.0.tgz",
      "integrity": "sha512-8kp71+gLAgKkLKd78SrLbP9eUdt1xKY/1uchgG7vyL4itMixMo/3l+WRKcvb0+gX2+AM2/E+xeCjxrRU5jaVpw==",
      "requires": {
        "@tonaljs/pcset": "4.10.0"
      }
    },
    "@tonaljs/time-signature": {
      "version": "4.9.0",
      "resolved": "https://registry.npmjs.org/@tonaljs/time-signature/-/time-signature-4.9.0.tgz",
      "integrity": "sha512-zRo8CBqg/2guzTlF2vxyVIuB5gmwWQaxlknJPUSDII8CTdQ/x3a1LlNoMKkvTUnqwCihe3WrNPZ5XUfOOTthYA=="
    },
    "@tonaljs/voice-leading": {
      "version": "5.1.0",
      "resolved": "https://registry.npmjs.org/@tonaljs/voice-leading/-/voice-leading-5.1.0.tgz",
      "integrity": "sha512-DKN0cRlnAV0xjpt2SltUPDP350zqkl1y7q3alAZzAs4yAnSM8Jb7b3UPljzDRQ3qo/ZAK8Za9VF77A/hw12Erg==",
      "requires": {
        "@tonaljs/note": "4.11.0"
      }
    },
    "@tonaljs/voicing": {
      "version": "5.1.0",
      "resolved": "https://registry.npmjs.org/@tonaljs/voicing/-/voicing-5.1.0.tgz",
      "integrity": "sha512-AU45W1PmY6jm+HLdFXDmyrPNTewgK/cOM4OUKZ7CzKGvBkk278yZIXII90/BnvoTIjnAQ7WFz8uodXS8DsWxKw==",
      "requires": {
        "@tonaljs/chord": "6.1.0",
        "@tonaljs/interval": "5.1.0",
        "@tonaljs/note": "4.11.0",
        "@tonaljs/range": "4.9.0",
        "@tonaljs/voice-leading": "5.1.0",
        "@tonaljs/voicing-dictionary": "5.1.0"
      }
    },
    "@tonaljs/voicing-dictionary": {
      "version": "5.1.0",
      "resolved": "https://registry.npmjs.org/@tonaljs/voicing-dictionary/-/voicing-dictionary-5.1.0.tgz",
      "integrity": "sha512-3DimGhJPrJQx89tsv2u1Mn24egVQrSo2C3mUHug2I8QjVx9vUqls4LdWmudeeFTJYubt+QuQjHLt0YCFQ4B+gA==",
      "requires": {
        "@tonaljs/chord": "6.1.0",
        "@tonaljs/note": "4.11.0",
        "@tonaljs/voice-leading": "5.1.0"
      }
    },
    "@types/webmidi": {
      "version": "2.1.0",
      "resolved": "https://registry.npmjs.org/@types/webmidi/-/webmidi-2.1.0.tgz",
      "integrity": "sha512-k898MjEUSHB+6rSeCPQk/kLgie0wgWZ2t78GlWj86HbTQ+XmtbBafYg5LNjn8bVHfItEhPGZPf579Xfc6keV6w==",
      "optional": true
    },
    "abs-svg-path": {
      "version": "0.1.1",
      "resolved": "https://registry.npmjs.org/abs-svg-path/-/abs-svg-path-0.1.1.tgz",
      "integrity": "sha512-d8XPSGjfyzlXC3Xx891DJRyZfqk5JU0BJrDQcsWomFIV1/BIzPW5HDH5iDdWpqWaav0YVIEzT1RHTwWr0FFshA=="
    },
    "adaptive-bezier-curve": {
      "version": "1.0.3",
      "resolved": "https://registry.npmjs.org/adaptive-bezier-curve/-/adaptive-bezier-curve-1.0.3.tgz",
      "integrity": "sha512-mDcwN284LlNAdunqnVmS0PAoDNHKze/PY8zvpCdxzyXD+ZZFeMWQ3FKNBw0VMOd9IfnhIyzAWJDXzRcWnXtoSg=="
    },
    "almost-equal": {
      "version": "1.1.0",
      "resolved": "https://registry.npmjs.org/almost-equal/-/almost-equal-1.1.0.tgz",
      "integrity": "sha512-0V/PkoculFl5+0Lp47JoxUcO0xSxhIBvm+BxHdD/OgXNmdRpRHCFnKVuUoWyS9EzQP+otSGv0m9Lb4yVkQBn2A=="
    },
    "an-array": {
      "version": "1.0.0",
      "resolved": "https://registry.npmjs.org/an-array/-/an-array-1.0.0.tgz",
      "integrity": "sha512-M175GYI7RmsYu24Ok383yZQa3eveDfNnmhTe3OQ3bm70bEovz2gWenH+ST/n32M8lrwLWk74hcPds5CDRPe2wg=="
    },
    "array-almost-equal": {
      "version": "1.0.0",
      "resolved": "https://registry.npmjs.org/array-almost-equal/-/array-almost-equal-1.0.0.tgz",
      "integrity": "sha512-NiQJq0vH5nEebm7FMs52fli23nwCh+RBKZZtA5g5qUmqGAkb9n8/WOTW8zjDocLADXXM1CRanFfPTMdrI2yZwg==",
      "requires": {
        "almost-equal": "0.0.0",
        "an-array": "^1.0.0"
      },
      "dependencies": {
        "almost-equal": {
          "version": "0.0.0",
          "resolved": "https://registry.npmjs.org/almost-equal/-/almost-equal-0.0.0.tgz",
          "integrity": "sha512-/wvWNupeAr7sp7J2ZXvQvd97uyxsokx4TXdV6YMhd/EDwctlgY3wUGZCgQx1sJQyxU+c8EWRCWsLGOumdiS9aw=="
        }
      }
    },
    "call-bind": {
      "version": "1.0.7",
      "resolved": "https://registry.npmjs.org/call-bind/-/call-bind-1.0.7.tgz",
      "integrity": "sha512-GHTSNSYICQ7scH7sZ+M2rFopRoLh8t2bLSW6BbgrtLsahOIB5iyAVJf9GjWK3cYTDaMj4XdBpM1cA6pIS0Kv2w==",
      "requires": {
        "es-define-property": "^1.0.0",
        "es-errors": "^1.3.0",
        "function-bind": "^1.1.2",
        "get-intrinsic": "^1.2.4",
        "set-function-length": "^1.2.1"
      }
    },
    "canvas-sketch": {
      "version": "0.7.7",
      "resolved": "https://registry.npmjs.org/canvas-sketch/-/canvas-sketch-0.7.7.tgz",
      "integrity": "sha512-gwvDjXrD1etmSiPa+TGuRzgC6gr8foFtwvPbqyYKEldY68XDEs8MDBoaIbYxbWeQiyLZBGau+P72do27pAhZaA==",
      "requires": {
        "convert-length": "^1.0.1",
        "dateformat": "^3.0.3",
        "deep-equal": "^1.0.1",
        "get-canvas-context": "^1.0.2",
        "is-class": "0.0.5",
        "is-dom": "^1.0.9",
        "is-promise": "^2.1.0",
        "object-assign": "^4.1.1",
        "pad-left": "^2.1.0",
        "right-now": "^1.0.0"
      }
    },
    "canvas-sketch-util": {
      "version": "1.10.0",
      "resolved": "https://registry.npmjs.org/canvas-sketch-util/-/canvas-sketch-util-1.10.0.tgz",
      "integrity": "sha512-IiJWEQDBinl6KZVLYcdp79ZJXXKsS1HuDUoWtwWh0NJMVUA6jaM0pxcBRYiaujBXjQFPT91pl8L9iFFmma3+zA==",
      "requires": {
        "abs-svg-path": "^0.1.1",
        "almost-equal": "^1.1.0",
        "array-almost-equal": "^1.0.0",
        "clone": "^2.1.2",
        "color-luminance": "^2.1.0",
        "convert-length": "^1.0.1",
        "d3-path": "^1.0.8",
        "defined": "^1.0.0",
        "float-hsl2rgb": "^1.0.2",
        "float-rgb2hsl": "^1.0.1",
        "lineclip": "^1.1.5",
        "normalize-svg-path": "^1.0.1",
        "parse-color": "^1.0.0",
        "parse-svg-path": "^0.1.2",
        "primitive-quad": "^2.0.0",
        "regl": "^1.3.7",
        "seed-random": "^2.2.0",
        "simplex-noise": "^2.4.0",
        "svg-path-contours": "^2.0.0"
      }
    },
    "clone": {
      "version": "2.1.2",
      "resolved": "https://registry.npmjs.org/clone/-/clone-2.1.2.tgz",
      "integrity": "sha512-3Pe/CF1Nn94hyhIYpjtiLhdCoEoz0DqQ+988E9gmeEdQZlojxnOb74wctFyuwWQHzqyf9X7C7MG8juUpqBJT8w=="
    },
    "color-convert": {
      "version": "0.5.3",
      "resolved": "https://registry.npmjs.org/color-convert/-/color-convert-0.5.3.tgz",
      "integrity": "sha512-RwBeO/B/vZR3dfKL1ye/vx8MHZ40ugzpyfeVG5GsiuGnrlMWe2o8wxBbLCpw9CsxV+wHuzYlCiWnybrIA0ling=="
    },
    "color-luminance": {
      "version": "2.1.0",
      "resolved": "https://registry.npmjs.org/color-luminance/-/color-luminance-2.1.0.tgz",
      "integrity": "sha512-J2WalPvlpNvOYW8YNxffayMHmA/Ysbx9crRdWorAG6mSbO22yliPvhldw0slsRhpFiQpFdHpFo69X3v9OzklOA=="
    },
    "convert-length": {
      "version": "1.0.1",
      "resolved": "https://registry.npmjs.org/convert-length/-/convert-length-1.0.1.tgz",
      "integrity": "sha512-w94Vge3sck6J1NHuA0du367/JTbj1zfjTapX7ixR2W+KlU4zb+NRTbou3x9nTpm5vlcXmjoaUJQpVN9pULCdxQ==",
      "requires": {
        "defined": "^1.0.0"
      }
    },
    "d3-path": {
      "version": "1.0.9",
      "resolved": "https://registry.npmjs.org/d3-path/-/d3-path-1.0.9.tgz",
      "integrity": "sha512-VLaYcn81dtHVTjEHd8B+pbe9yHWpXKZUC87PzoFmsFrJqgFwDe/qxfp5MlfsfM1V5E/iVt0MmEbWQ7FVIXh/bg=="
    },
    "dateformat": {
      "version": "3.0.3",
      "resolved": "https://registry.npmjs.org/dateformat/-/dateformat-3.0.3.tgz",
      "integrity": "sha512-jyCETtSl3VMZMWeRo7iY1FL19ges1t55hMo5yaam4Jrsm5EPL89UQkoQRyiI+Yf4k8r2ZpdngkV8hr1lIdjb3Q=="
    },
    "deep-equal": {
      "version": "1.1.2",
      "resolved": "https://registry.npmjs.org/deep-equal/-/deep-equal-1.1.2.tgz",
      "integrity": "sha512-5tdhKF6DbU7iIzrIOa1AOUt39ZRm13cmL1cGEh//aqR8x9+tNfbywRf0n5FD/18OKMdo7DNEtrX2t22ZAkI+eg==",
      "requires": {
        "is-arguments": "^1.1.1",
        "is-date-object": "^1.0.5",
        "is-regex": "^1.1.4",
        "object-is": "^1.1.5",
        "object-keys": "^1.1.1",
        "regexp.prototype.flags": "^1.5.1"
      }
    },
    "define-data-property": {
      "version": "1.1.4",
      "resolved": "https://registry.npmjs.org/define-data-property/-/define-data-property-1.1.4.tgz",
      "integrity": "sha512-rBMvIzlpA8v6E+SJZoo++HAYqsLrkg7MSfIinMPFhmkorw7X+dOXVJQs+QT69zGkzMyfDnIMN2Wid1+NbL3T+A==",
      "requires": {
        "es-define-property": "^1.0.0",
        "es-errors": "^1.3.0",
        "gopd": "^1.0.1"
      }
    },
    "define-properties": {
      "version": "1.2.1",
      "resolved": "https://registry.npmjs.org/define-properties/-/define-properties-1.2.1.tgz",
      "integrity": "sha512-8QmQKqEASLd5nx0U1B1okLElbUuuttJ/AnYmRXbbbGDWh6uS208EjD4Xqq/I9wK7u0v6O08XhTWnt5XtEbR6Dg==",
      "requires": {
        "define-data-property": "^1.0.1",
        "has-property-descriptors": "^1.0.0",
        "object-keys": "^1.1.1"
      }
    },
    "defined": {
      "version": "1.0.1",
      "resolved": "https://registry.npmjs.org/defined/-/defined-1.0.1.tgz",
      "integrity": "sha512-hsBd2qSVCRE+5PmNdHt1uzyrFu5d3RwmFDKzyNZMFq/EwDNJF7Ee5+D5oEKF0hU6LhtoUF1macFvOe4AskQC1Q=="
    },
    "djipevents": {
      "version": "2.0.7",
      "resolved": "https://registry.npmjs.org/djipevents/-/djipevents-2.0.7.tgz",
      "integrity": "sha512-KNFYaU85imxOCKOUsIR70Iz9E19r96/X7LSH+u0tSoZdpWcBdzoqtTsU+wuLhc6GMpSFob+KInkZAbfKi01Bjg==",
      "requires": {
        "@babel/runtime": "^7.20.6"
      }
    },
    "easing-utils": {
      "version": "1.0.0",
      "resolved": "https://registry.npmjs.org/easing-utils/-/easing-utils-1.0.0.tgz",
      "integrity": "sha512-9oabISTqjTJSZyu85nJMfYtlV2tT/Uwo0M3uqODrBWCxme0eyLqEXRuG2/uYpyqzc7iSHjV/KW2mEKTqhdtESA=="
    },
    "es-define-property": {
      "version": "1.0.0",
      "resolved": "https://registry.npmjs.org/es-define-property/-/es-define-property-1.0.0.tgz",
      "integrity": "sha512-jxayLKShrEqqzJ0eumQbVhTYQM27CfT1T35+gCgDFoL82JLsXqTJ76zv6A0YLOgEnLUMvLzsDsGIrl8NFpT2gQ==",
      "requires": {
        "get-intrinsic": "^1.2.4"
      }
    },
    "es-errors": {
      "version": "1.3.0",
      "resolved": "https://registry.npmjs.org/es-errors/-/es-errors-1.3.0.tgz",
      "integrity": "sha512-Zf5H2Kxt2xjTvbJvP2ZWLEICxA6j+hAmMzIlypy4xcBg1vKVnx89Wy0GbS+kf5cwCVFFzdCFh2XSCFNULS6csw=="
    },
    "float-hsl2rgb": {
      "version": "1.0.2",
      "resolved": "https://registry.npmjs.org/float-hsl2rgb/-/float-hsl2rgb-1.0.2.tgz",
      "integrity": "sha512-O9YGK/8X0tl2GpT9SVk9wSPTVv1IkAjikhKdHkbHbC7X9aX+64i3HPeWX7zwStDuO7T3KIamHC4B16T80mMeXA=="
    },
    "float-rgb2hsl": {
      "version": "1.0.1",
      "resolved": "https://registry.npmjs.org/float-rgb2hsl/-/float-rgb2hsl-1.0.1.tgz",
      "integrity": "sha512-sdMM9qC3IRI/M7J1htyVfNFD4pCi6MIznXTXTq3/h4C+qtMz6AMTRHwcuD6ScswVXMS/F+0B5DNn5HINQK0iOA=="
    },
    "function-bind": {
      "version": "1.1.2",
      "resolved": "https://registry.npmjs.org/function-bind/-/function-bind-1.1.2.tgz",
      "integrity": "sha512-7XHNxH7qX9xG5mIwxkhumTox/MIRNcOgDrxWsMt2pAr23WHp6MrRlN7FBSFpCpr+oVO0F744iUgR82nJMfG2SA=="
    },
    "functions-have-names": {
      "version": "1.2.3",
      "resolved": "https://registry.npmjs.org/functions-have-names/-/functions-have-names-1.2.3.tgz",
      "integrity": "sha512-xckBUXyTIqT97tq2x2AMb+g163b5JFysYk0x4qxNFwbfQkmNZoiRHb6sPzI9/QV33WeuvVYBUIiD4NzNIyqaRQ=="
    },
    "get-canvas-context": {
      "version": "1.0.2",
      "resolved": "https://registry.npmjs.org/get-canvas-context/-/get-canvas-context-1.0.2.tgz",
      "integrity": "sha512-LnpfLf/TNzr9zVOGiIY6aKCz8EKuXmlYNV7CM2pUjBa/B+c2I15tS7KLySep75+FuerJdmArvJLcsAXWEy2H0A=="
    },
    "get-intrinsic": {
      "version": "1.2.4",
      "resolved": "https://registry.npmjs.org/get-intrinsic/-/get-intrinsic-1.2.4.tgz",
      "integrity": "sha512-5uYhsJH8VJBTv7oslg4BznJYhDoRI6waYCxMmCdnTrcCrHA/fCFKoTFz2JKKE0HdDFUF7/oQuhzumXJK7paBRQ==",
      "requires": {
        "es-errors": "^1.3.0",
        "function-bind": "^1.1.2",
        "has-proto": "^1.0.1",
        "has-symbols": "^1.0.3",
        "hasown": "^2.0.0"
      }
    },
    "gopd": {
      "version": "1.0.1",
      "resolved": "https://registry.npmjs.org/gopd/-/gopd-1.0.1.tgz",
      "integrity": "sha512-d65bNlIadxvpb/A2abVdlqKqV563juRnZ1Wtk6s1sIR8uNsXR70xqIzVqxVf1eTqDunwT2MkczEeaezCKTZhwA==",
      "requires": {
        "get-intrinsic": "^1.1.3"
      }
    },
    "has-property-descriptors": {
      "version": "1.0.2",
      "resolved": "https://registry.npmjs.org/has-property-descriptors/-/has-property-descriptors-1.0.2.tgz",
      "integrity": "sha512-55JNKuIW+vq4Ke1BjOTjM2YctQIvCT7GFzHwmfZPGo5wnrgkid0YQtnAleFSqumZm4az3n2BS+erby5ipJdgrg==",
      "requires": {
        "es-define-property": "^1.0.0"
      }
    },
    "has-proto": {
      "version": "1.0.3",
      "resolved": "https://registry.npmjs.org/has-proto/-/has-proto-1.0.3.tgz",
      "integrity": "sha512-SJ1amZAJUiZS+PhsVLf5tGydlaVB8EdFpaSO4gmiUKUOxk8qzn5AIy4ZeJUmh22znIdk/uMAUT2pl3FxzVUH+Q=="
    },
    "has-symbols": {
      "version": "1.0.3",
      "resolved": "https://registry.npmjs.org/has-symbols/-/has-symbols-1.0.3.tgz",
      "integrity": "sha512-l3LCuF6MgDNwTDKkdYGEihYjt5pRPbEg46rtlmnSPlUbgmB8LOIrKJbYYFBSbnPaJexMKtiPO8hmeRjRz2Td+A=="
    },
    "has-tostringtag": {
      "version": "1.0.2",
      "resolved": "https://registry.npmjs.org/has-tostringtag/-/has-tostringtag-1.0.2.tgz",
      "integrity": "sha512-NqADB8VjPFLM2V0VvHUewwwsw0ZWBaIdgo+ieHtK3hasLz4qeCRjYcqfB6AQrBggRKppKF8L52/VqdVsO47Dlw==",
      "requires": {
        "has-symbols": "^1.0.3"
      }
    },
    "hasown": {
      "version": "2.0.2",
      "resolved": "https://registry.npmjs.org/hasown/-/hasown-2.0.2.tgz",
      "integrity": "sha512-0hJU9SCPvmMzIBdZFqNPXWa6dqh7WdH0cII9y+CyS8rG3nL48Bclra9HmKhVVUHyPWNH5Y7xDwAB7bfgSjkUMQ==",
      "requires": {
        "function-bind": "^1.1.2"
      }
    },
    "is-arguments": {
      "version": "1.1.1",
      "resolved": "https://registry.npmjs.org/is-arguments/-/is-arguments-1.1.1.tgz",
      "integrity": "sha512-8Q7EARjzEnKpt/PCD7e1cgUS0a6X8u5tdSiMqXhojOdoV9TsMsiO+9VLC5vAmO8N7/GmXn7yjR8qnA6bVAEzfA==",
      "requires": {
        "call-bind": "^1.0.2",
        "has-tostringtag": "^1.0.0"
      }
    },
    "is-class": {
      "version": "0.0.5",
      "resolved": "https://registry.npmjs.org/is-class/-/is-class-0.0.5.tgz",
      "integrity": "sha512-jOquneoRNrqbpDgh4hKicrMcGIl7jopvIJaWI+LyDVRzZrQy819qBaYSofOyUMTo/x5Jelvs8G5v/ptdySWy6A=="
    },
    "is-date-object": {
      "version": "1.0.5",
      "resolved": "https://registry.npmjs.org/is-date-object/-/is-date-object-1.0.5.tgz",
      "integrity": "sha512-9YQaSxsAiSwcvS33MBk3wTCVnWK+HhF8VZR2jRxehM16QcVOdHqPn4VPHmRK4lSr38n9JriurInLcP90xsYNfQ==",
      "requires": {
        "has-tostringtag": "^1.0.0"
      }
    },
    "is-dom": {
      "version": "1.1.0",
      "resolved": "https://registry.npmjs.org/is-dom/-/is-dom-1.1.0.tgz",
      "integrity": "sha512-u82f6mvhYxRPKpw8V1N0W8ce1xXwOrQtgGcxl6UCL5zBmZu3is/18K0rR7uFCnMDuAsS/3W54mGL4vsaFUQlEQ==",
      "requires": {
        "is-object": "^1.0.1",
        "is-window": "^1.0.2"
      }
    },
    "is-object": {
      "version": "1.0.2",
      "resolved": "https://registry.npmjs.org/is-object/-/is-object-1.0.2.tgz",
      "integrity": "sha512-2rRIahhZr2UWb45fIOuvZGpFtz0TyOZLf32KxBbSoUCeZR495zCKlWUKKUByk3geS2eAs7ZAABt0Y/Rx0GiQGA=="
    },
    "is-promise": {
      "version": "2.2.2",
      "resolved": "https://registry.npmjs.org/is-promise/-/is-promise-2.2.2.tgz",
      "integrity": "sha512-+lP4/6lKUBfQjZ2pdxThZvLUAafmZb8OAxFb8XXtiQmS35INgr85hdOGoEs124ez1FCnZJt6jau/T+alh58QFQ=="
    },
    "is-regex": {
      "version": "1.1.4",
      "resolved": "https://registry.npmjs.org/is-regex/-/is-regex-1.1.4.tgz",
      "integrity": "sha512-kvRdxDsxZjhzUX07ZnLydzS1TU/TJlTUHHY4YLL87e37oUA49DfkLqgy+VjFocowy29cKvcSiu+kIv728jTTVg==",
      "requires": {
        "call-bind": "^1.0.2",
        "has-tostringtag": "^1.0.0"
      }
    },
    "is-window": {
      "version": "1.0.2",
      "resolved": "https://registry.npmjs.org/is-window/-/is-window-1.0.2.tgz",
      "integrity": "sha512-uj00kdXyZb9t9RcAUAwMZAnkBUwdYGhYlt7djMXhfyhUCzwNba50tIiBKR7q0l7tdoBtFVw/3JmLY6fI3rmZmg=="
    },
    "jazz-midi": {
      "version": "1.7.9",
      "resolved": "https://registry.npmjs.org/jazz-midi/-/jazz-midi-1.7.9.tgz",
      "integrity": "sha512-c8c4BBgwxdsIr1iVm53nadCrtH7BUlnX3V95ciK/gbvXN/ndE5+POskBalXgqlc/r9p2XUbdLTrgrC6fou5p9w==",
      "optional": true
    },
    "jzz": {
      "version": "1.8.6",
      "resolved": "https://registry.npmjs.org/jzz/-/jzz-1.8.6.tgz",
      "integrity": "sha512-O32b8/Z9oHxsIT/rNV8iEw+RThIBcMAK62fIvMZ3NacR3+T2w4BTJBFNqhOYlkOQhxQD3MZ7b3o69RKAx4xymg==",
      "optional": true,
      "requires": {
        "@types/webmidi": "^2.1.0",
        "jazz-midi": "^1.7.9"
      }
    },
    "lineclip": {
      "version": "1.1.5",
      "resolved": "https://registry.npmjs.org/lineclip/-/lineclip-1.1.5.tgz",
      "integrity": "sha512-KlA/wRSjpKl7tS9iRUdlG72oQ7qZ1IlVbVgHwoO10TBR/4gQ86uhKow6nlzMAJJhjCWKto8OeoAzzIzKSmN25A=="
    },
    "normalize-svg-path": {
      "version": "1.1.0",
      "resolved": "https://registry.npmjs.org/normalize-svg-path/-/normalize-svg-path-1.1.0.tgz",
      "integrity": "sha512-r9KHKG2UUeB5LoTouwDzBy2VxXlHsiM6fyLQvnJa0S5hrhzqElH/CH7TUGhT1fVvIYBIKf3OpY4YJ4CK+iaqHg==",
      "requires": {
        "svg-arc-to-cubic-bezier": "^3.0.0"
      }
    },
    "object-assign": {
      "version": "4.1.1",
      "resolved": "https://registry.npmjs.org/object-assign/-/object-assign-4.1.1.tgz",
      "integrity": "sha512-rJgTQnkUnH1sFw8yT6VSU3zD3sWmu6sZhIseY8VX+GRu3P6F7Fu+JNDoXfklElbLJSnc3FUQHVe4cU5hj+BcUg=="
    },
    "object-is": {
      "version": "1.1.6",
      "resolved": "https://registry.npmjs.org/object-is/-/object-is-1.1.6.tgz",
      "integrity": "sha512-F8cZ+KfGlSGi09lJT7/Nd6KJZ9ygtvYC0/UYYLI9nmQKLMnydpB9yvbv9K1uSkEu7FU9vYPmVwLg328tX+ot3Q==",
      "requires": {
        "call-bind": "^1.0.7",
        "define-properties": "^1.2.1"
      }
    },
    "object-keys": {
      "version": "1.1.1",
      "resolved": "https://registry.npmjs.org/object-keys/-/object-keys-1.1.1.tgz",
      "integrity": "sha512-NuAESUOUMrlIXOfHKzD6bpPu3tYt3xvjNdRIQ+FeT0lNb4K8WR70CaDxhuNguS2XG+GjkyMwOzsN5ZktImfhLA=="
    },
    "pad-left": {
      "version": "2.1.0",
      "resolved": "https://registry.npmjs.org/pad-left/-/pad-left-2.1.0.tgz",
      "integrity": "sha512-HJxs9K9AztdIQIAIa/OIazRAUW/L6B9hbQDxO4X07roW3eo9XqZc2ur9bn1StH9CnbbI9EgvejHQX7CBpCF1QA==",
      "requires": {
        "repeat-string": "^1.5.4"
      }
    },
    "parse-color": {
      "version": "1.0.0",
      "resolved": "https://registry.npmjs.org/parse-color/-/parse-color-1.0.0.tgz",
      "integrity": "sha512-fuDHYgFHJGbpGMgw9skY/bj3HL/Jrn4l/5rSspy00DoT4RyLnDcRvPxdZ+r6OFwIsgAuhDh4I09tAId4mI12bw==",
      "requires": {
        "color-convert": "~0.5.0"
      }
    },
    "parse-svg-path": {
      "version": "0.1.2",
      "resolved": "https://registry.npmjs.org/parse-svg-path/-/parse-svg-path-0.1.2.tgz",
      "integrity": "sha512-JyPSBnkTJ0AI8GGJLfMXvKq42cj5c006fnLz6fXy6zfoVjJizi8BNTpu8on8ziI1cKy9d9DGNuY17Ce7wuejpQ=="
    },
    "primitive-quad": {
      "version": "2.0.0",
      "resolved": "https://registry.npmjs.org/primitive-quad/-/primitive-quad-2.0.0.tgz",
      "integrity": "sha512-JlPRH5x3QEqoIeHvxHY6ePLhpjSG7FEGxitR8sbfkfCjJK+OEVODTE4j6US12gMqvQqXzRGkkmuYYvJCozifMA=="
    },
    "regenerator-runtime": {
      "version": "0.14.1",
      "resolved": "https://registry.npmjs.org/regenerator-runtime/-/regenerator-runtime-0.14.1.tgz",
      "integrity": "sha512-dYnhHh0nJoMfnkZs6GmmhFknAGRrLznOu5nc9ML+EJxGvrx6H7teuevqVqCuPcPK//3eDrrjQhehXVx9cnkGdw=="
    },
    "regexp.prototype.flags": {
      "version": "1.5.2",
      "resolved": "https://registry.npmjs.org/regexp.prototype.flags/-/regexp.prototype.flags-1.5.2.tgz",
      "integrity": "sha512-NcDiDkTLuPR+++OCKB0nWafEmhg/Da8aUPLPMQbK+bxKKCm1/S5he+AqYa4PlMCVBalb4/yxIRub6qkEx5yJbw==",
      "requires": {
        "call-bind": "^1.0.6",
        "define-properties": "^1.2.1",
        "es-errors": "^1.3.0",
        "set-function-name": "^2.0.1"
      }
    },
    "regl": {
      "version": "1.7.0",
      "resolved": "https://registry.npmjs.org/regl/-/regl-1.7.0.tgz",
      "integrity": "sha512-bEAtp/qrtKucxXSJkD4ebopFZYP0q1+3Vb2WECWv/T8yQEgKxDxJ7ztO285tAMaYZVR6mM1GgI6CCn8FROtL1w=="
    },
    "repeat-string": {
      "version": "1.6.1",
      "resolved": "https://registry.npmjs.org/repeat-string/-/repeat-string-1.6.1.tgz",
      "integrity": "sha512-PV0dzCYDNfRi1jCDbJzpW7jNNDRuCOG/jI5ctQcGKt/clZD+YcPS3yIlWuTJMmESC8aevCFmWJy5wjAFgNqN6w=="
    },
    "right-now": {
      "version": "1.0.0",
      "resolved": "https://registry.npmjs.org/right-now/-/right-now-1.0.0.tgz",
      "integrity": "sha512-DA8+YS+sMIVpbsuKgy+Z67L9Lxb1p05mNxRpDPNksPDEFir4vmBlUtuN9jkTGn9YMMdlBuK7XQgFiz6ws+yhSg=="
    },
    "riso-colors": {
      "version": "1.0.1",
      "resolved": "https://registry.npmjs.org/riso-colors/-/riso-colors-1.0.1.tgz",
      "integrity": "sha512-foLj2eUiyft2hOe7PzsT9qcT+zLnkw3pGesPQv6JG93OJ0+1J0fdCwdtwxDDCqnYDdgRatKbrb0qhB95vhZ2wQ=="
    },
    "seed-random": {
      "version": "2.2.0",
      "resolved": "https://registry.npmjs.org/seed-random/-/seed-random-2.2.0.tgz",
      "integrity": "sha512-34EQV6AAHQGhoc0tn/96a9Fsi6v2xdqe/dMUwljGRaFOzR3EgRmECvD0O8vi8X+/uQ50LGHfkNu/Eue5TPKZkQ=="
    },
    "set-function-length": {
      "version": "1.2.2",
      "resolved": "https://registry.npmjs.org/set-function-length/-/set-function-length-1.2.2.tgz",
      "integrity": "sha512-pgRc4hJ4/sNjWCSS9AmnS40x3bNMDTknHgL5UaMBTMyJnU90EgWh1Rz+MC9eFu4BuN/UwZjKQuY/1v3rM7HMfg==",
      "requires": {
        "define-data-property": "^1.1.4",
        "es-errors": "^1.3.0",
        "function-bind": "^1.1.2",
        "get-intrinsic": "^1.2.4",
        "gopd": "^1.0.1",
        "has-property-descriptors": "^1.0.2"
      }
    },
    "set-function-name": {
      "version": "2.0.2",
      "resolved": "https://registry.npmjs.org/set-function-name/-/set-function-name-2.0.2.tgz",
      "integrity": "sha512-7PGFlmtwsEADb0WYyvCMa1t+yke6daIG4Wirafur5kcf+MhUnPms1UeR0CKQdTZD81yESwMHbtn+TR+dMviakQ==",
      "requires": {
        "define-data-property": "^1.1.4",
        "es-errors": "^1.3.0",
        "functions-have-names": "^1.2.3",
        "has-property-descriptors": "^1.0.2"
      }
    },
    "simplex-noise": {
      "version": "2.4.0",
      "resolved": "https://registry.npmjs.org/simplex-noise/-/simplex-noise-2.4.0.tgz",
      "integrity": "sha512-OjyDWm/QZjVbMrPxDVi9b2as+SeNn9EBXlrWVRlFW+TSyWMSXouDryXkQN0vf5YP+QZKobrmkvx1eQYPLtuqfw=="
    },
    "svg-arc-to-cubic-bezier": {
      "version": "3.2.0",
      "resolved": "https://registry.npmjs.org/svg-arc-to-cubic-bezier/-/svg-arc-to-cubic-bezier-3.2.0.tgz",
      "integrity": "sha512-djbJ/vZKZO+gPoSDThGNpKDO+o+bAeA4XQKovvkNCqnIS2t+S4qnLAGQhyyrulhCFRl1WWzAp0wUDV8PpTVU3g=="
    },
    "svg-path-contours": {
      "version": "2.0.0",
      "resolved": "https://registry.npmjs.org/svg-path-contours/-/svg-path-contours-2.0.0.tgz",
      "integrity": "sha512-mUpqlUkchMV5lQq2DdPIulNQ2lqPjYTUvY8bUUql/SlOMdPkavijO/oJgvimz31CC4Hvfce6uq+Jn0xzRysmVw==",
      "requires": {
        "abs-svg-path": "^0.1.1",
        "adaptive-bezier-curve": "^1.0.3",
        "normalize-svg-path": "^0.1.0",
        "vec2-copy": "^1.0.0"
      },
      "dependencies": {
        "normalize-svg-path": {
          "version": "0.1.0",
          "resolved": "https://registry.npmjs.org/normalize-svg-path/-/normalize-svg-path-0.1.0.tgz",
          "integrity": "sha512-1/kmYej2iedi5+ROxkRESL/pI02pkg0OBnaR4hJkSIX6+ORzepwbuUXfrdZaPjysTsJInj0Rj5NuX027+dMBvA=="
        }
      }
    },
    "tonal": {
      "version": "6.2.0",
      "resolved": "https://registry.npmjs.org/tonal/-/tonal-6.2.0.tgz",
      "integrity": "sha512-pRGSTkkUjMHiGmtGR8cVBMuoh2Jmy5CmMWE37r8G74boOOfiSXdFb2WxA0xtj8VuixxBS8qntBD1ynrCN9VolA==",
      "requires": {
        "@tonaljs/abc-notation": "4.9.0",
        "@tonaljs/array": "4.8.3",
        "@tonaljs/chord": "6.1.0",
        "@tonaljs/chord-type": "5.1.0",
        "@tonaljs/collection": "4.9.0",
        "@tonaljs/core": "5.0.1",
        "@tonaljs/duration-value": "4.9.0",
        "@tonaljs/interval": "5.1.0",
        "@tonaljs/key": "4.10.0",
        "@tonaljs/midi": "4.10.0",
        "@tonaljs/mode": "4.9.0",
        "@tonaljs/note": "4.11.0",
        "@tonaljs/pcset": "4.10.0",
        "@tonaljs/progression": "4.9.0",
        "@tonaljs/range": "4.9.0",
        "@tonaljs/rhythm-pattern": "1.0.0",
        "@tonaljs/roman-numeral": "4.9.0",
        "@tonaljs/scale": "4.13.0",
        "@tonaljs/scale-type": "4.9.0",
        "@tonaljs/time-signature": "4.9.0",
        "@tonaljs/voice-leading": "5.1.0",
        "@tonaljs/voicing": "5.1.0",
        "@tonaljs/voicing-dictionary": "5.1.0"
      }
    },
    "tweakpane": {
      "version": "3.1.10",
      "resolved": "https://registry.npmjs.org/tweakpane/-/tweakpane-3.1.10.tgz",
      "integrity": "sha512-rqwnl/pUa7+inhI2E9ayGTqqP0EPOOn/wVvSWjZsRbZUItzNShny7pzwL3hVlaN4m9t/aZhsP0aFQ9U5VVR2VQ=="
    },
    "uuid": {
      "version": "10.0.0",
      "resolved": "https://registry.npmjs.org/uuid/-/uuid-10.0.0.tgz",
      "integrity": "sha512-8XkAphELsDnEGrDxUOHB3RGvXz6TeuYSGEZBOjtTtPm2lwhGBjLgOzLHB63IUWfBpNucQjND6d3AOudO+H3RWQ=="
    },
    "vec2-copy": {
      "version": "1.0.0",
      "resolved": "https://registry.npmjs.org/vec2-copy/-/vec2-copy-1.0.0.tgz",
      "integrity": "sha512-jeitylCmqqyM4Z2blr4vLpScsROaiJfhN2dFOjn1VK01cM4fi5GNt60L0Zxhm0OT1vYYiv7BKDOZch0YfPA8qw=="
    },
    "webmidi": {
      "version": "3.1.11",
      "resolved": "https://registry.npmjs.org/webmidi/-/webmidi-3.1.11.tgz",
      "integrity": "sha512-qtXy0cJ7FbE2SBRyN/vcDFSJvCdcKiWreAdxCAtJSu1btWyzOwDfJyFuheylrwn5Uj4nIINVKCJOeqYSeG75Tg==",
      "requires": {
        "djipevents": "^2.0.7",
        "jzz": "^1.8.5"
      }
    }
  }
}
